github.com/markkurossi/crypto v0.0.0-20230320090745-b923f1c5109e h1:zz+aZRtU/rGv4krMq4/UglM/5Wkrv8NcJXJU5MANtUI=
github.com/markkurossi/crypto v0.0.0-20230320090745-b923f1c5109e/go.mod h1:+mhV8wp86RN6GgVyETgAd6oY+D3xLNESWKty2fGNg5U=
github.com/markkurossi/mpc v0.0.0-20231029115736-af4bcf9a4380 h1:O29HEdnUldJH17BZTWMZShSNMqjl4JMkLvf9haguBhw=
github.com/markkurossi/mpc v0.0.0-20231029115736-af4bcf9a4380/go.mod h1:jwZ0vDe38KhWIU/9X0N83YssjJ7iArn1tKD0fhfT8Mg=
github.com/markkurossi/tabulate v0.0.0-20230223130100-d4965869b123 h1:aGg9ACNKrIa6lZ18dNT9ZsFcXga3obyOAl5Tiyx2txE=
github.com/markkurossi/tabulate v0.0.0-20230223130100-d4965869b123/go.mod h1:qPNWLW3h4173ZWYHjOgJ1wbvNyLuE1fboZilv97Aq7k=
golang.org/x/text v0.13.0 h1:ablQoSUd0tRdKxZewP80B+BaqeKJuVhuRxj/dkrun3k=
golang.org/x/text v0.13.0/go.mod h1:TvPlkZtksWOMsz7fbANvkp4WM8x/WCo/om8BMLbz+aE=
